
Microsoft Visual Studio Solution File, Format Version 12.00
# Visual Studio Version 16
VisualStudioVersion = 16.0.31019.35
MinimumVisualStudioVersion = 10.0.40219.1
Project("{8BC9CEB8-8B4A-11D0-8D11-00A0C91BC942}") = "ArraysAverageLib", "ArraysAverageLib\ArraysAverageLib.vcxproj", "{7FAFDE88-89B0-497C-8F10-A77AA54461CC}"
EndProject
Project("{8BC9CEB8-8B4A-11D0-8D11-00A0C91BC942}") = "ArraysAverageUnitTest", "ArraysAverageUnitTest\ArraysAverageUnitTest.vcxproj", "{C86B19D4-362D-402A-AE59-3A2AC0562518}"
EndProject
Global
	GlobalSection(SolutionConfigurationPlatforms) = preSolution
		Debug|x64 = Debug|x64
		Debug|x86 = Debug|x86
		Release|x64 = Release|x64
		Release|x86 = Release|x86
	EndGlobalSection
	GlobalSection(ProjectConfigurationPlatforms) = postSolution
		{7FAFDE88-89B0-497C-8F10-A77AA54461CC}.Debug|x64.ActiveCfg = Debug|x64
		{7FAFDE88-89B0-497C-8F10-A77AA54461CC}.Debug|x64.Build.0 = Debug|x64
		{7FAFDE88-89B0-497C-8F10-A77AA54461CC}.Debug|x86.ActiveCfg = Debug|Win32
		{7FAFDE88-89B0-497C-8F10-A77AA54461CC}.Debug|x86.Build.0 = Debug|Win32
		{7FAFDE88-89B0-497C-8F10-A77AA54461CC}.Release|x64.ActiveCfg = Release|x64
		{7FAFDE88-89B0-497C-8F10-A77AA54461CC}.Release|x64.Build.0 = Release|x64
		{7FAFDE88-89B0-497C-8F10-A77AA54461CC}.Release|x86.ActiveCfg = Release|Win32
		{7FAFDE88-89B0-497C-8F10-A77AA54461CC}.Release|x86.Build.0 = Release|Win32
		{C86B19D4-362D-402A-AE59-3A2AC0562518}.Debug|x64.ActiveCfg = Debug|x64
		{C86B19D4-362D-402A-AE59-3A2AC0562518}.Debug|x64.Build.0 = Debug|x64
		{C86B19D4-362D-402A-AE59-3A2AC0562518}.Debug|x86.ActiveCfg = Debug|Win32
		{C86B19D4-362D-402A-AE59-3A2AC0562518}.Debug|x86.Build.0 = Debug|Win32
		{C86B19D4-362D-402A-AE59-3A2AC0562518}.Release|x64.ActiveCfg = Release|x64
		{C86B19D4-362D-402A-AE59-3A2AC0562518}.Release|x64.Build.0 = Release|x64
		{C86B19D4-362D-402A-AE59-3A2AC0562518}.Release|x86.ActiveCfg = Release|Win32
		{C86B19D4-362D-402A-AE59-3A2AC0562518}.Release|x86.Build.0 = Release|Win32
	EndGlobalSection
	GlobalSection(SolutionProperties) = preSolution
		HideSolutionNode = FALSE
	EndGlobalSection
	GlobalSection(ExtensibilityGlobals) = postSolution
		SolutionGuid = {54C3B008-066E-486A-B85D-52C37C1DE218}
	EndGlobalSection
EndGlobal
