
Microsoft Visual Studio Solution File, Format Version 12.00
# Visual Studio Version 16
VisualStudioVersion = 16.0.31112.23
MinimumVisualStudioVersion = 10.0.40219.1
Project("{8BC9CEB8-8B4A-11D0-8D11-00A0C91BC942}") = "CustomList", "CustomList\CustomList.vcxproj", "{C3E6BF4A-264C-42BC-8CC6-54FD23DD16FD}"
EndProject
Project("{8BC9CEB8-8B4A-11D0-8D11-00A0C91BC942}") = "CustomListUnitTest", "CustomListUnitTest\CustomListUnitTest.vcxproj", "{ACCAF45F-A213-42BB-B751-517B976DB147}"
EndProject
Global
	GlobalSection(SolutionConfigurationPlatforms) = preSolution
		Debug|x64 = Debug|x64
		Debug|x86 = Debug|x86
		Release|x64 = Release|x64
		Release|x86 = Release|x86
	EndGlobalSection
	GlobalSection(ProjectConfigurationPlatforms) = postSolution
		{C3E6BF4A-264C-42BC-8CC6-54FD23DD16FD}.Debug|x64.ActiveCfg = Debug|x64
		{C3E6BF4A-264C-42BC-8CC6-54FD23DD16FD}.Debug|x64.Build.0 = Debug|x64
		{C3E6BF4A-264C-42BC-8CC6-54FD23DD16FD}.Debug|x86.ActiveCfg = Debug|Win32
		{C3E6BF4A-264C-42BC-8CC6-54FD23DD16FD}.Debug|x86.Build.0 = Debug|Win32
		{C3E6BF4A-264C-42BC-8CC6-54FD23DD16FD}.Release|x64.ActiveCfg = Release|x64
		{C3E6BF4A-264C-42BC-8CC6-54FD23DD16FD}.Release|x64.Build.0 = Release|x64
		{C3E6BF4A-264C-42BC-8CC6-54FD23DD16FD}.Release|x86.ActiveCfg = Release|Win32
		{C3E6BF4A-264C-42BC-8CC6-54FD23DD16FD}.Release|x86.Build.0 = Release|Win32
		{ACCAF45F-A213-42BB-B751-517B976DB147}.Debug|x64.ActiveCfg = Debug|x64
		{ACCAF45F-A213-42BB-B751-517B976DB147}.Debug|x64.Build.0 = Debug|x64
		{ACCAF45F-A213-42BB-B751-517B976DB147}.Debug|x86.ActiveCfg = Debug|Win32
		{ACCAF45F-A213-42BB-B751-517B976DB147}.Debug|x86.Build.0 = Debug|Win32
		{ACCAF45F-A213-42BB-B751-517B976DB147}.Release|x64.ActiveCfg = Release|x64
		{ACCAF45F-A213-42BB-B751-517B976DB147}.Release|x64.Build.0 = Release|x64
		{ACCAF45F-A213-42BB-B751-517B976DB147}.Release|x86.ActiveCfg = Release|Win32
		{ACCAF45F-A213-42BB-B751-517B976DB147}.Release|x86.Build.0 = Release|Win32
	EndGlobalSection
	GlobalSection(SolutionProperties) = preSolution
		HideSolutionNode = FALSE
	EndGlobalSection
	GlobalSection(ExtensibilityGlobals) = postSolution
		SolutionGuid = {B3AEE8D1-0CC2-4C66-B525-A4C240AB1DA7}
	EndGlobalSection
EndGlobal
